
Microsoft Visual Studio Solution File, Format Version 12.00
# Visual Studio Version 16
VisualStudioVersion = 16.0.30225.117
MinimumVisualStudioVersion = 10.0.40219.1
Project("{FAE04EC0-301F-11D3-BF4B-00C04F79EFBC}") = "RDLC", "RDLC.csproj", "{478DDD59-FE92-4DEC-8EE8-711F1E5FE6B7}"
EndProject
Global
	GlobalSection(SolutionConfigurationPlatforms) = preSolution
		Debug|Any CPU = Debug|Any CPU
		Release|Any CPU = Release|Any CPU
	EndGlobalSection
	GlobalSection(ProjectConfigurationPlatforms) = postSolution
		{478DDD59-FE92-4DEC-8EE8-711F1E5FE6B7}.Debug|Any CPU.ActiveCfg = Debug|Any CPU
		{478DDD59-FE92-4DEC-8EE8-711F1E5FE6B7}.Debug|Any CPU.Build.0 = Debug|Any CPU
		{478DDD59-FE92-4DEC-8EE8-711F1E5FE6B7}.Release|Any CPU.ActiveCfg = Release|Any CPU
		{478DDD59-FE92-4DEC-8EE8-711F1E5FE6B7}.Release|Any CPU.Build.0 = Release|Any CPU
	EndGlobalSection
	GlobalSection(SolutionProperties) = preSolution
		HideSolutionNode = FALSE
	EndGlobalSection
	GlobalSection(ExtensibilityGlobals) = postSolution
		SolutionGuid = {DE0906BE-F61F-4581-BAF9-84EBCB846562}
	EndGlobalSection
EndGlobal
